// !$*UTF8*$!
{
	archiveVersion = 1;
	classes = {
	};
	objectVersion = 56;
	objects = {

/* Begin PBXBuildFile section */
		B021A4232AFC738500CC8229 /* ProfileView.swift in Sources */ = {isa = PBXBuildFile; fileRef = B021A4222AFC738500CC8229 /* ProfileView.swift */; };
		B021A4252AFC75B900CC8229 /* ProfileOptionRowView.swift in Sources */ = {isa = PBXBuildFile; fileRef = B021A4242AFC75B900CC8229 /* ProfileOptionRowView.swift */; };
		B021A4272AFC79E400CC8229 /* WishlistView.swift in Sources */ = {isa = PBXBuildFile; fileRef = B021A4262AFC79E300CC8229 /* WishlistView.swift */; };
		B021A4292AFC7DD500CC8229 /* MainTapbarView.swift in Sources */ = {isa = PBXBuildFile; fileRef = B021A4282AFC7DD500CC8229 /* MainTapbarView.swift */; };
		B038D65D2AF6D366001B2412 /* AirBnbTutorialApp.swift in Sources */ = {isa = PBXBuildFile; fileRef = B038D65C2AF6D366001B2412 /* AirBnbTutorialApp.swift */; };
		B038D65F2AF6D366001B2412 /* ContentView.swift in Sources */ = {isa = PBXBuildFile; fileRef = B038D65E2AF6D366001B2412 /* ContentView.swift */; };
		B038D6612AF6D368001B2412 /* Assets.xcassets in Resources */ = {isa = PBXBuildFile; fileRef = B038D6602AF6D368001B2412 /* Assets.xcassets */; };
		B038D6642AF6D368001B2412 /* Preview Assets.xcassets in Resources */ = {isa = PBXBuildFile; fileRef = B038D6632AF6D368001B2412 /* Preview Assets.xcassets */; };
		B038D67A2AF6D663001B2412 /* ExploreView.swift in Sources */ = {isa = PBXBuildFile; fileRef = B038D6792AF6D663001B2412 /* ExploreView.swift */; };
		B038D67C2AF6D9BB001B2412 /* ListingItemView.swift in Sources */ = {isa = PBXBuildFile; fileRef = B038D67B2AF6D9BB001B2412 /* ListingItemView.swift */; };
		B038D67E2AF6F3B7001B2412 /* SearchAndFilterBar.swift in Sources */ = {isa = PBXBuildFile; fileRef = B038D67D2AF6F3B7001B2412 /* SearchAndFilterBar.swift */; };
		B038D6802AF6FCB6001B2412 /* DetailView.swift in Sources */ = {isa = PBXBuildFile; fileRef = B038D67F2AF6FCB6001B2412 /* DetailView.swift */; };
		B038D6832AF6FD2A001B2412 /* ListingImageCarouselView.swift in Sources */ = {isa = PBXBuildFile; fileRef = B038D6822AF6FD2A001B2412 /* ListingImageCarouselView.swift */; };
		B061D91C2AFC898700F4CACD /* Listing.swift in Sources */ = {isa = PBXBuildFile; fileRef = B061D91B2AFC898700F4CACD /* Listing.swift */; };
		B061D91E2AFC983700F4CACD /* DeveloperPreview.swift in Sources */ = {isa = PBXBuildFile; fileRef = B061D91D2AFC983700F4CACD /* DeveloperPreview.swift */; };
		B061D9232AFCAC5700F4CACD /* ExploreViewModel.swift in Sources */ = {isa = PBXBuildFile; fileRef = B061D9222AFCAC5700F4CACD /* ExploreViewModel.swift */; };
		B061D9252AFCB45A00F4CACD /* ExploreService.swift in Sources */ = {isa = PBXBuildFile; fileRef = B061D9242AFCB45A00F4CACD /* ExploreService.swift */; };
		B0DF73602AF7184E00E5DF7A /* DestinationSerachView.swift in Sources */ = {isa = PBXBuildFile; fileRef = B0DF735F2AF7184E00E5DF7A /* DestinationSerachView.swift */; };
		B0DF73622AF7594D00E5DF7A /* ToolBarDefaultView.swift in Sources */ = {isa = PBXBuildFile; fileRef = B0DF73612AF7594D00E5DF7A /* ToolBarDefaultView.swift */; };
		B0DF73822AF78EFD00E5DF7A /* ExploreOptView.swift in Sources */ = {isa = PBXBuildFile; fileRef = B0DF73812AF78EFD00E5DF7A /* ExploreOptView.swift */; };
/* End PBXBuildFile section */

/* Begin PBXFileReference section */
		B021A4222AFC738500CC8229 /* ProfileView.swift */ = {isa = PBXFileReference; lastKnownFileType = sourcecode.swift; path = ProfileView.swift; sourceTree = "<group>"; };
		B021A4242AFC75B900CC8229 /* ProfileOptionRowView.swift */ = {isa = PBXFileReference; lastKnownFileType = sourcecode.swift; path = ProfileOptionRowView.swift; sourceTree = "<group>"; };
		B021A4262AFC79E300CC8229 /* WishlistView.swift */ = {isa = PBXFileReference; lastKnownFileType = sourcecode.swift; path = WishlistView.swift; sourceTree = "<group>"; };
		B021A4282AFC7DD500CC8229 /* MainTapbarView.swift */ = {isa = PBXFileReference; lastKnownFileType = sourcecode.swift; path = MainTapbarView.swift; sourceTree = "<group>"; };
		B038D6592AF6D366001B2412 /* AirBnbTutorial.app */ = {isa = PBXFileReference; explicitFileType = wrapper.application; includeInIndex = 0; path = AirBnbTutorial.app; sourceTree = BUILT_PRODUCTS_DIR; };
		B038D65C2AF6D366001B2412 /* AirBnbTutorialApp.swift */ = {isa = PBXFileReference; lastKnownFileType = sourcecode.swift; path = AirBnbTutorialApp.swift; sourceTree = "<group>"; };
		B038D65E2AF6D366001B2412 /* ContentView.swift */ = {isa = PBXFileReference; lastKnownFileType = sourcecode.swift; path = ContentView.swift; sourceTree = "<group>"; };
		B038D6602AF6D368001B2412 /* Assets.xcassets */ = {isa = PBXFileReference; lastKnownFileType = folder.assetcatalog; path = Assets.xcassets; sourceTree = "<group>"; };
		B038D6632AF6D368001B2412 /* Preview Assets.xcassets */ = {isa = PBXFileReference; lastKnownFileType = folder.assetcatalog; path = "Preview Assets.xcassets"; sourceTree = "<group>"; };
		B038D6792AF6D663001B2412 /* ExploreView.swift */ = {isa = PBXFileReference; lastKnownFileType = sourcecode.swift; path = ExploreView.swift; sourceTree = "<group>"; };
		B038D67B2AF6D9BB001B2412 /* ListingItemView.swift */ = {isa = PBXFileReference; lastKnownFileType = sourcecode.swift; path = ListingItemView.swift; sourceTree = "<group>"; };
		B038D67D2AF6F3B7001B2412 /* SearchAndFilterBar.swift */ = {isa = PBXFileReference; lastKnownFileType = sourcecode.swift; path = SearchAndFilterBar.swift; sourceTree = "<group>"; };
		B038D67F2AF6FCB6001B2412 /* DetailView.swift */ = {isa = PBXFileReference; lastKnownFileType = sourcecode.swift; path = DetailView.swift; sourceTree = "<group>"; };
		B038D6822AF6FD2A001B2412 /* ListingImageCarouselView.swift */ = {isa = PBXFileReference; lastKnownFileType = sourcecode.swift; path = ListingImageCarouselView.swift; sourceTree = "<group>"; };
		B061D91B2AFC898700F4CACD /* Listing.swift */ = {isa = PBXFileReference; lastKnownFileType = sourcecode.swift; path = Listing.swift; sourceTree = "<group>"; };
		B061D91D2AFC983700F4CACD /* DeveloperPreview.swift */ = {isa = PBXFileReference; lastKnownFileType = sourcecode.swift; path = DeveloperPreview.swift; sourceTree = "<group>"; };
		B061D9222AFCAC5700F4CACD /* ExploreViewModel.swift */ = {isa = PBXFileReference; lastKnownFileType = sourcecode.swift; path = ExploreViewModel.swift; sourceTree = "<group>"; };
		B061D9242AFCB45A00F4CACD /* ExploreService.swift */ = {isa = PBXFileReference; lastKnownFileType = sourcecode.swift; path = ExploreService.swift; sourceTree = "<group>"; };
		B0DF735F2AF7184E00E5DF7A /* DestinationSerachView.swift */ = {isa = PBXFileReference; lastKnownFileType = sourcecode.swift; path = DestinationSerachView.swift; sourceTree = "<group>"; };
		B0DF73612AF7594D00E5DF7A /* ToolBarDefaultView.swift */ = {isa = PBXFileReference; lastKnownFileType = sourcecode.swift; path = ToolBarDefaultView.swift; sourceTree = "<group>"; };
		B0DF73812AF78EFD00E5DF7A /* ExploreOptView.swift */ = {isa = PBXFileReference; lastKnownFileType = sourcecode.swift; path = ExploreOptView.swift; sourceTree = "<group>"; };
/* End PBXFileReference section */

/* Begin PBXFrameworksBuildPhase section */
		B038D6562AF6D366001B2412 /* Frameworks */ = {
			isa = PBXFrameworksBuildPhase;
			buildActionMask = 2147483647;
			files = (
			);
			runOnlyForDeploymentPostprocessing = 0;
		};
/* End PBXFrameworksBuildPhase section */

/* Begin PBXGroup section */
		B038D6502AF6D366001B2412 = {
			isa = PBXGroup;
			children = (
				B038D65B2AF6D366001B2412 /* AirBnbTutorial */,
				B038D65A2AF6D366001B2412 /* Products */,
			);
			sourceTree = "<group>";
		};
		B038D65A2AF6D366001B2412 /* Products */ = {
			isa = PBXGroup;
			children = (
				B038D6592AF6D366001B2412 /* AirBnbTutorial.app */,
			);
			name = Products;
			sourceTree = "<group>";
		};
		B038D65B2AF6D366001B2412 /* AirBnbTutorial */ = {
			isa = PBXGroup;
			children = (
				B038D66F2AF6D3C0001B2412 /* App */,
				B038D66E2AF6D3BD001B2412 /* Core */,
				B038D66B2AF6D3A4001B2412 /* Extensions */,
				B038D66A2AF6D398001B2412 /* Models */,
				B038D6702AF6D3F6001B2412 /* Utils */,
				B038D65E2AF6D366001B2412 /* ContentView.swift */,
				B038D6602AF6D368001B2412 /* Assets.xcassets */,
				B038D6622AF6D368001B2412 /* Preview Content */,
			);
			path = AirBnbTutorial;
			sourceTree = "<group>";
		};
		B038D6622AF6D368001B2412 /* Preview Content */ = {
			isa = PBXGroup;
			children = (
				B038D6632AF6D368001B2412 /* Preview Assets.xcassets */,
			);
			path = "Preview Content";
			sourceTree = "<group>";
		};
		B038D66A2AF6D398001B2412 /* Models */ = {
			isa = PBXGroup;
			children = (
			);
			path = Models;
			sourceTree = "<group>";
		};
		B038D66B2AF6D3A4001B2412 /* Extensions */ = {
			isa = PBXGroup;
			children = (
				B061D91D2AFC983700F4CACD /* DeveloperPreview.swift */,
			);
			path = Extensions;
			sourceTree = "<group>";
		};
		B038D66E2AF6D3BD001B2412 /* Core */ = {
			isa = PBXGroup;
			children = (
				B038D6812AF6FD13001B2412 /* Components */,
				B038D6712AF6D413001B2412 /* Explore */,
				B038D6722AF6D418001B2412 /* Listings */,
				B038D6732AF6D41E001B2412 /* MapView */,
				B038D6742AF6D424001B2412 /* Profile */,
				B038D6752AF6D42E001B2412 /* TabBar */,
				B038D6762AF6D435001B2412 /* Whislist */,
			);
			path = Core;
			sourceTree = "<group>";
		};
		B038D66F2AF6D3C0001B2412 /* App */ = {
			isa = PBXGroup;
			children = (
				B038D65C2AF6D366001B2412 /* AirBnbTutorialApp.swift */,
			);
			path = App;
			sourceTree = "<group>";
		};
		B038D6702AF6D3F6001B2412 /* Utils */ = {
			isa = PBXGroup;
			children = (
			);
			path = Utils;
			sourceTree = "<group>";
		};
		B038D6712AF6D413001B2412 /* Explore */ = {
			isa = PBXGroup;
			children = (
				B038D67D2AF6F3B7001B2412 /* SearchAndFilterBar.swift */,
				B061D9212AFCABEC00F4CACD /* View */,
				B061D9202AFCABDB00F4CACD /* ViewModel */,
				B061D91F2AFCABCA00F4CACD /* Service */,
			);
			path = Explore;
			sourceTree = "<group>";
		};
		B038D6722AF6D418001B2412 /* Listings */ = {
			isa = PBXGroup;
			children = (
				B061D91A2AFC896A00F4CACD /* View */,
				B061D9192AFC895C00F4CACD /* Model */,
			);
			path = Listings;
			sourceTree = "<group>";
		};
		B038D6732AF6D41E001B2412 /* MapView */ = {
			isa = PBXGroup;
			children = (
			);
			path = MapView;
			sourceTree = "<group>";
		};
		B038D6742AF6D424001B2412 /* Profile */ = {
			isa = PBXGroup;
			children = (
				B021A4222AFC738500CC8229 /* ProfileView.swift */,
				B021A4242AFC75B900CC8229 /* ProfileOptionRowView.swift */,
			);
			path = Profile;
			sourceTree = "<group>";
		};
		B038D6752AF6D42E001B2412 /* TabBar */ = {
			isa = PBXGroup;
			children = (
				B0DF73612AF7594D00E5DF7A /* ToolBarDefaultView.swift */,
				B0DF73812AF78EFD00E5DF7A /* ExploreOptView.swift */,
				B021A4282AFC7DD500CC8229 /* MainTapbarView.swift */,
			);
			path = TabBar;
			sourceTree = "<group>";
		};
		B038D6762AF6D435001B2412 /* Whislist */ = {
			isa = PBXGroup;
			children = (
				B021A4262AFC79E300CC8229 /* WishlistView.swift */,
			);
			path = Whislist;
			sourceTree = "<group>";
		};
		B038D6812AF6FD13001B2412 /* Components */ = {
			isa = PBXGroup;
			children = (
				B038D6822AF6FD2A001B2412 /* ListingImageCarouselView.swift */,
			);
			path = Components;
			sourceTree = "<group>";
		};
		B061D9192AFC895C00F4CACD /* Model */ = {
			isa = PBXGroup;
			children = (
				B061D91B2AFC898700F4CACD /* Listing.swift */,
			);
			path = Model;
			sourceTree = "<group>";
		};
		B061D91A2AFC896A00F4CACD /* View */ = {
			isa = PBXGroup;
			children = (
				B038D67B2AF6D9BB001B2412 /* ListingItemView.swift */,
				B038D67F2AF6FCB6001B2412 /* DetailView.swift */,
			);
			path = View;
			sourceTree = "<group>";
		};
		B061D91F2AFCABCA00F4CACD /* Service */ = {
			isa = PBXGroup;
			children = (
				B061D9242AFCB45A00F4CACD /* ExploreService.swift */,
			);
			path = Service;
			sourceTree = "<group>";
		};
		B061D9202AFCABDB00F4CACD /* ViewModel */ = {
			isa = PBXGroup;
			children = (
				B061D9222AFCAC5700F4CACD /* ExploreViewModel.swift */,
			);
			path = ViewModel;
			sourceTree = "<group>";
		};
		B061D9212AFCABEC00F4CACD /* View */ = {
			isa = PBXGroup;
			children = (
				B038D6792AF6D663001B2412 /* ExploreView.swift */,
				B0DF735F2AF7184E00E5DF7A /* DestinationSerachView.swift */,
			);
			path = View;
			sourceTree = "<group>";
		};
/* End PBXGroup section */

/* Begin PBXNativeTarget section */
		B038D6582AF6D366001B2412 /* AirBnbTutorial */ = {
			isa = PBXNativeTarget;
			buildConfigurationList = B038D6672AF6D368001B2412 /* Build configuration list for PBXNativeTarget "AirBnbTutorial" */;
			buildPhases = (
				B038D6552AF6D366001B2412 /* Sources */,
				B038D6562AF6D366001B2412 /* Frameworks */,
				B038D6572AF6D366001B2412 /* Resources */,
			);
			buildRules = (
			);
			dependencies = (
			);
			name = AirBnbTutorial;
			productName = AirBnbTutorial;
			productReference = B038D6592AF6D366001B2412 /* AirBnbTutorial.app */;
			productType = "com.apple.product-type.application";
		};
/* End PBXNativeTarget section */

/* Begin PBXProject section */
		B038D6512AF6D366001B2412 /* Project object */ = {
			isa = PBXProject;
			attributes = {
				BuildIndependentTargetsInParallel = 1;
				LastSwiftUpdateCheck = 1500;
				LastUpgradeCheck = 1500;
				TargetAttributes = {
					B038D6582AF6D366001B2412 = {
						CreatedOnToolsVersion = 15.0;
					};
				};
			};
			buildConfigurationList = B038D6542AF6D366001B2412 /* Build configuration list for PBXProject "AirBnbTutorial" */;
			compatibilityVersion = "Xcode 14.0";
			developmentRegion = en;
			hasScannedForEncodings = 0;
			knownRegions = (
				en,
				Base,
			);
			mainGroup = B038D6502AF6D366001B2412;
			productRefGroup = B038D65A2AF6D366001B2412 /* Products */;
			projectDirPath = "";
			projectRoot = "";
			targets = (
				B038D6582AF6D366001B2412 /* AirBnbTutorial */,
			);
		};
/* End PBXProject section */

/* Begin PBXResourcesBuildPhase section */
		B038D6572AF6D366001B2412 /* Resources */ = {
			isa = PBXResourcesBuildPhase;
			buildActionMask = 2147483647;
			files = (
				B038D6642AF6D368001B2412 /* Preview Assets.xcassets in Resources */,
				B038D6612AF6D368001B2412 /* Assets.xcassets in Resources */,
			);
			runOnlyForDeploymentPostprocessing = 0;
		};
/* End PBXResourcesBuildPhase section */

/* Begin PBXSourcesBuildPhase section */
		B038D6552AF6D366001B2412 /* Sources */ = {
			isa = PBXSourcesBuildPhase;
			buildActionMask = 2147483647;
			files = (
				B038D6832AF6FD2A001B2412 /* ListingImageCarouselView.swift in Sources */,
				B021A4272AFC79E400CC8229 /* WishlistView.swift in Sources */,
				B021A4232AFC738500CC8229 /* ProfileView.swift in Sources */,
				B0DF73602AF7184E00E5DF7A /* DestinationSerachView.swift in Sources */,
				B038D65F2AF6D366001B2412 /* ContentView.swift in Sources */,
				B038D6802AF6FCB6001B2412 /* DetailView.swift in Sources */,
				B038D67C2AF6D9BB001B2412 /* ListingItemView.swift in Sources */,
				B061D9252AFCB45A00F4CACD /* ExploreService.swift in Sources */,
				B061D91C2AFC898700F4CACD /* Listing.swift in Sources */,
				B0DF73622AF7594D00E5DF7A /* ToolBarDefaultView.swift in Sources */,
				B061D9232AFCAC5700F4CACD /* ExploreViewModel.swift in Sources */,
				B061D91E2AFC983700F4CACD /* DeveloperPreview.swift in Sources */,
				B021A4252AFC75B900CC8229 /* ProfileOptionRowView.swift in Sources */,
				B038D67A2AF6D663001B2412 /* ExploreView.swift in Sources */,
				B038D67E2AF6F3B7001B2412 /* SearchAndFilterBar.swift in Sources */,
				B021A4292AFC7DD500CC8229 /* MainTapbarView.swift in Sources */,
				B0DF73822AF78EFD00E5DF7A /* ExploreOptView.swift in Sources */,
				B038D65D2AF6D366001B2412 /* AirBnbTutorialApp.swift in Sources */,
			);
			runOnlyForDeploymentPostprocessing = 0;
		};
/* End PBXSourcesBuildPhase section */

/* Begin XCBuildConfiguration section */
		B038D6652AF6D368001B2412 /* Debug */ = {
			isa = XCBuildConfiguration;
			buildSettings = {
				ALWAYS_SEARCH_USER_PATHS = NO;
				ASSETCATALOG_COMPILER_GENERATE_SWIFT_ASSET_SYMBOL_EXTENSIONS = YES;
				CLANG_ANALYZER_NONNULL = YES;
				CLANG_ANALYZER_NUMBER_OBJECT_CONVERSION = YES_AGGRESSIVE;
				CLANG_CXX_LANGUAGE_STANDARD = "gnu++20";
				CLANG_ENABLE_MODULES = YES;
				CLANG_ENABLE_OBJC_ARC = YES;
				CLANG_ENABLE_OBJC_WEAK = YES;
				CLANG_WARN_BLOCK_CAPTURE_AUTORELEASING = YES;
				CLANG_WARN_BOOL_CONVERSION = YES;
				CLANG_WARN_COMMA = YES;
				CLANG_WARN_CONSTANT_CONVERSION = YES;
				CLANG_WARN_DEPRECATED_OBJC_IMPLEMENTATIONS = YES;
				CLANG_WARN_DIRECT_OBJC_ISA_USAGE = YES_ERROR;
				CLANG_WARN_DOCUMENTATION_COMMENTS = YES;
				CLANG_WARN_EMPTY_BODY = YES;
				CLANG_WARN_ENUM_CONVERSION = YES;
				CLANG_WARN_INFINITE_RECURSION = YES;
				CLANG_WARN_INT_CONVERSION = YES;
				CLANG_WARN_NON_LITERAL_NULL_CONVERSION = YES;
				CLANG_WARN_OBJC_IMPLICIT_RETAIN_SELF = YES;
				CLANG_WARN_OBJC_LITERAL_CONVERSION = YES;
				CLANG_WARN_OBJC_ROOT_CLASS = YES_ERROR;
				CLANG_WARN_QUOTED_INCLUDE_IN_FRAMEWORK_HEADER = YES;
				CLANG_WARN_RANGE_LOOP_ANALYSIS = YES;
				CLANG_WARN_STRICT_PROTOTYPES = YES;
				CLANG_WARN_SUSPICIOUS_MOVE = YES;
				CLANG_WARN_UNGUARDED_AVAILABILITY = YES_AGGRESSIVE;
				CLANG_WARN_UNREACHABLE_CODE = YES;
				CLANG_WARN__DUPLICATE_METHOD_MATCH = YES;
				COPY_PHASE_STRIP = NO;
				DEBUG_INFORMATION_FORMAT = dwarf;
				ENABLE_STRICT_OBJC_MSGSEND = YES;
				ENABLE_TESTABILITY = YES;
				ENABLE_USER_SCRIPT_SANDBOXING = YES;
				GCC_C_LANGUAGE_STANDARD = gnu17;
				GCC_DYNAMIC_NO_PIC = NO;
				GCC_NO_COMMON_BLOCKS = YES;
				GCC_OPTIMIZATION_LEVEL = 0;
				GCC_PREPROCESSOR_DEFINITIONS = (
					"DEBUG=1",
					"$(inherited)",
				);
				GCC_WARN_64_TO_32_BIT_CONVERSION = YES;
				GCC_WARN_ABOUT_RETURN_TYPE = YES_ERROR;
				GCC_WARN_UNDECLARED_SELECTOR = YES;
				GCC_WARN_UNINITIALIZED_AUTOS = YES_AGGRESSIVE;
				GCC_WARN_UNUSED_FUNCTION = YES;
				GCC_WARN_UNUSED_VARIABLE = YES;
				IPHONEOS_DEPLOYMENT_TARGET = 17.0;
				LOCALIZATION_PREFERS_STRING_CATALOGS = YES;
				MTL_ENABLE_DEBUG_INFO = INCLUDE_SOURCE;
				MTL_FAST_MATH = YES;
				ONLY_ACTIVE_ARCH = YES;
				SDKROOT = iphoneos;
				SWIFT_ACTIVE_COMPILATION_CONDITIONS = "DEBUG $(inherited)";
				SWIFT_OPTIMIZATION_LEVEL = "-Onone";
			};
			name = Debug;
		};
		B038D6662AF6D368001B2412 /* Release */ = {
			isa = XCBuildConfiguration;
			buildSettings = {
				ALWAYS_SEARCH_USER_PATHS = NO;
				ASSETCATALOG_COMPILER_GENERATE_SWIFT_ASSET_SYMBOL_EXTENSIONS = YES;
				CLANG_ANALYZER_NONNULL = YES;
				CLANG_ANALYZER_NUMBER_OBJECT_CONVERSION = YES_AGGRESSIVE;
				CLANG_CXX_LANGUAGE_STANDARD = "gnu++20";
				CLANG_ENABLE_MODULES = YES;
				CLANG_ENABLE_OBJC_ARC = YES;
				CLANG_ENABLE_OBJC_WEAK = YES;
				CLANG_WARN_BLOCK_CAPTURE_AUTORELEASING = YES;
				CLANG_WARN_BOOL_CONVERSION = YES;
				CLANG_WARN_COMMA = YES;
				CLANG_WARN_CONSTANT_CONVERSION = YES;
				CLANG_WARN_DEPRECATED_OBJC_IMPLEMENTATIONS = YES;
				CLANG_WARN_DIRECT_OBJC_ISA_USAGE = YES_ERROR;
				CLANG_WARN_DOCUMENTATION_COMMENTS = YES;
				CLANG_WARN_EMPTY_BODY = YES;
				CLANG_WARN_ENUM_CONVERSION = YES;
				CLANG_WARN_INFINITE_RECURSION = YES;
				CLANG_WARN_INT_CONVERSION = YES;
				CLANG_WARN_NON_LITERAL_NULL_CONVERSION = YES;
				CLANG_WARN_OBJC_IMPLICIT_RETAIN_SELF = YES;
				CLANG_WARN_OBJC_LITERAL_CONVERSION = YES;
				CLANG_WARN_OBJC_ROOT_CLASS = YES_ERROR;
				CLANG_WARN_QUOTED_INCLUDE_IN_FRAMEWORK_HEADER = YES;
				CLANG_WARN_RANGE_LOOP_ANALYSIS = YES;
				CLANG_WARN_STRICT_PROTOTYPES = YES;
				CLANG_WARN_SUSPICIOUS_MOVE = YES;
				CLANG_WARN_UNGUARDED_AVAILABILITY = YES_AGGRESSIVE;
				CLANG_WARN_UNREACHABLE_CODE = YES;
				CLANG_WARN__DUPLICATE_METHOD_MATCH = YES;
				COPY_PHASE_STRIP = NO;
				DEBUG_INFORMATION_FORMAT = "dwarf-with-dsym";
				ENABLE_NS_ASSERTIONS = NO;
				ENABLE_STRICT_OBJC_MSGSEND = YES;
				ENABLE_USER_SCRIPT_SANDBOXING = YES;
				GCC_C_LANGUAGE_STANDARD = gnu17;
				GCC_NO_COMMON_BLOCKS = YES;
				GCC_WARN_64_TO_32_BIT_CONVERSION = YES;
				GCC_WARN_ABOUT_RETURN_TYPE = YES_ERROR;
				GCC_WARN_UNDECLARED_SELECTOR = YES;
				GCC_WARN_UNINITIALIZED_AUTOS = YES_AGGRESSIVE;
				GCC_WARN_UNUSED_FUNCTION = YES;
				GCC_WARN_UNUSED_VARIABLE = YES;
				IPHONEOS_DEPLOYMENT_TARGET = 17.0;
				LOCALIZATION_PREFERS_STRING_CATALOGS = YES;
				MTL_ENABLE_DEBUG_INFO = NO;
				MTL_FAST_MATH = YES;
				SDKROOT = iphoneos;
				SWIFT_COMPILATION_MODE = wholemodule;
				VALIDATE_PRODUCT = YES;
			};
			name = Release;
		};
		B038D6682AF6D368001B2412 /* Debug */ = {
			isa = XCBuildConfiguration;
			buildSettings = {
				ASSETCATALOG_COMPILER_APPICON_NAME = AppIcon;
				ASSETCATALOG_COMPILER_GLOBAL_ACCENT_COLOR_NAME = AccentColor;
				CODE_SIGN_STYLE = Automatic;
				CURRENT_PROJECT_VERSION = 1;
				DEVELOPMENT_ASSET_PATHS = "\"AirBnbTutorial/Preview Content\"";
				DEVELOPMENT_TEAM = PUJJ5R9383;
				ENABLE_PREVIEWS = YES;
				GENERATE_INFOPLIST_FILE = YES;
				INFOPLIST_KEY_UIApplicationSceneManifest_Generation = YES;
				INFOPLIST_KEY_UIApplicationSupportsIndirectInputEvents = YES;
				INFOPLIST_KEY_UILaunchScreen_Generation = YES;
				INFOPLIST_KEY_UISupportedInterfaceOrientations_iPad = "UIInterfaceOrientationPortrait UIInterfaceOrientationPortraitUpsideDown UIInterfaceOrientationLandscapeLeft UIInterfaceOrientationLandscapeRight";
				INFOPLIST_KEY_UISupportedInterfaceOrientations_iPhone = "UIInterfaceOrientationPortrait UIInterfaceOrientationLandscapeLeft UIInterfaceOrientationLandscapeRight";
				LD_RUNPATH_SEARCH_PATHS = (
					"$(inherited)",
					"@executable_path/Frameworks",
				);
				MARKETING_VERSION = 1.0;
				PRODUCT_BUNDLE_IDENTIFIER = arielmerinos.AirBnbTutorial;
				PRODUCT_NAME = "$(TARGET_NAME)";
				SWIFT_EMIT_LOC_STRINGS = YES;
				SWIFT_VERSION = 5.0;
				TARGETED_DEVICE_FAMILY = "1,2";
			};
			name = Debug;
		};
		B038D6692AF6D368001B2412 /* Release */ = {
			isa = XCBuildConfiguration;
			buildSettings = {
				ASSETCATALOG_COMPILER_APPICON_NAME = AppIcon;
				ASSETCATALOG_COMPILER_GLOBAL_ACCENT_COLOR_NAME = AccentColor;
				CODE_SIGN_STYLE = Automatic;
				CURRENT_PROJECT_VERSION = 1;
				DEVELOPMENT_ASSET_PATHS = "\"AirBnbTutorial/Preview Content\"";
				DEVELOPMENT_TEAM = PUJJ5R9383;
				ENABLE_PREVIEWS = YES;
				GENERATE_INFOPLIST_FILE = YES;
				INFOPLIST_KEY_UIApplicationSceneManifest_Generation = YES;
				INFOPLIST_KEY_UIApplicationSupportsIndirectInputEvents = YES;
				INFOPLIST_KEY_UILaunchScreen_Generation = YES;
				INFOPLIST_KEY_UISupportedInterfaceOrientations_iPad = "UIInterfaceOrientationPortrait UIInterfaceOrientationPortraitUpsideDown UIInterfaceOrientationLandscapeLeft UIInterfaceOrientationLandscapeRight";
				INFOPLIST_KEY_UISupportedInterfaceOrientations_iPhone = "UIInterfaceOrientationPortrait UIInterfaceOrientationLandscapeLeft UIInterfaceOrientationLandscapeRight";
				LD_RUNPATH_SEARCH_PATHS = (
					"$(inherited)",
					"@executable_path/Frameworks",
				);
				MARKETING_VERSION = 1.0;
				PRODUCT_BUNDLE_IDENTIFIER = arielmerinos.AirBnbTutorial;
				PRODUCT_NAME = "$(TARGET_NAME)";
				SWIFT_EMIT_LOC_STRINGS = YES;
				SWIFT_VERSION = 5.0;
				TARGETED_DEVICE_FAMILY = "1,2";
			};
			name = Release;
		};
/* End XCBuildConfiguration section */

/* Begin XCConfigurationList section */
		B038D6542AF6D366001B2412 /* Build configuration list for PBXProject "AirBnbTutorial" */ = {
			isa = XCConfigurationList;
			buildConfigurations = (
				B038D6652AF6D368001B2412 /* Debug */,
				B038D6662AF6D368001B2412 /* Release */,
			);
			defaultConfigurationIsVisible = 0;
			defaultConfigurationName = Release;
		};
		B038D6672AF6D368001B2412 /* Build configuration list for PBXNativeTarget "AirBnbTutorial" */ = {
			isa = XCConfigurationList;
			buildConfigurations = (
				B038D6682AF6D368001B2412 /* Debug */,
				B038D6692AF6D368001B2412 /* Release */,
			);
			defaultConfigurationIsVisible = 0;
			defaultConfigurationName = Release;
		};
/* End XCConfigurationList section */
	};
	rootObject = B038D6512AF6D366001B2412 /* Project object */;
}
